
Microsoft Visual Studio Solution File, Format Version 12.00
# Visual Studio Version 16
VisualStudioVersion = 16.0.31025.194
MinimumVisualStudioVersion = 10.0.40219.1
Project("{FAE04EC0-301F-11D3-BF4B-00C04F79EFBC}") = "HW2", "HW2\HW2.csproj", "{4CFC0D15-8668-4802-8A97-E564EE91BFAC}"
EndProject
Global
	GlobalSection(SolutionConfigurationPlatforms) = preSolution
		Debug|Any CPU = Debug|Any CPU
		Release|Any CPU = Release|Any CPU
	EndGlobalSection
	GlobalSection(ProjectConfigurationPlatforms) = postSolution
		{4CFC0D15-8668-4802-8A97-E564EE91BFAC}.Debug|Any CPU.ActiveCfg = Debug|Any CPU
		{4CFC0D15-8668-4802-8A97-E564EE91BFAC}.Debug|Any CPU.Build.0 = Debug|Any CPU
		{4CFC0D15-8668-4802-8A97-E564EE91BFAC}.Release|Any CPU.ActiveCfg = Release|Any CPU
		{4CFC0D15-8668-4802-8A97-E564EE91BFAC}.Release|Any CPU.Build.0 = Release|Any CPU
	EndGlobalSection
	GlobalSection(SolutionProperties) = preSolution
		HideSolutionNode = FALSE
	EndGlobalSection
	GlobalSection(ExtensibilityGlobals) = postSolution
		SolutionGuid = {41CED425-9674-45E8-9676-4F5B45680BB1}
	EndGlobalSection
EndGlobal
